PODS:
  - Expecta (1.0.6)
  - HBWebBridge (0.1.0)
  - Specta (1.0.7)

DEPENDENCIES:
  - Expecta
  - HBWebBridge (from `../`)
  - Specta

EXTERNAL SOURCES:
  HBWebBridge:
    :path: ../

SPEC CHECKSUMS:
  Expecta: 3b6bd90a64b9a1dcb0b70aa0e10a7f8f631667d5
  HBWebBridge: d6f504d9c0689c8e89913ebedf3bddb965948b38
  Specta: 3e1bd89c3517421982dc4d1c992503e48bd5fe66

PODFILE CHECKSUM: 73e28a4c04d359e5fb3479936de58efba6ebf186

COCOAPODS: 1.3.1
